
Microsoft Visual Studio Solution File, Format Version 12.00
# Visual Studio Version 16
VisualStudioVersion = 16.0.30711.63
MinimumVisualStudioVersion = 10.0.40219.1
Project("{FAE04EC0-301F-11D3-BF4B-00C04F79EFBC}") = "Tower Defence MMP1", "Tower Defence MMP1\Tower Defence MMP1.csproj", "{CC02B52B-C3B9-4AB2-A0EE-E60B194F030A}"
EndProject
Global
	GlobalSection(SolutionConfigurationPlatforms) = preSolution
		Debug|Any CPU = Debug|Any CPU
		Release|Any CPU = Release|Any CPU
	EndGlobalSection
	GlobalSection(ProjectConfigurationPlatforms) = postSolution
		{CC02B52B-C3B9-4AB2-A0EE-E60B194F030A}.Debug|Any CPU.ActiveCfg = Debug|Any CPU
		{CC02B52B-C3B9-4AB2-A0EE-E60B194F030A}.Debug|Any CPU.Build.0 = Debug|Any CPU
		{CC02B52B-C3B9-4AB2-A0EE-E60B194F030A}.Release|Any CPU.ActiveCfg = Release|Any CPU
		{CC02B52B-C3B9-4AB2-A0EE-E60B194F030A}.Release|Any CPU.Build.0 = Release|Any CPU
	EndGlobalSection
	GlobalSection(SolutionProperties) = preSolution
		HideSolutionNode = FALSE
	EndGlobalSection
	GlobalSection(ExtensibilityGlobals) = postSolution
		SolutionGuid = {13098066-B2F4-4759-8B43-6FD5A0087838}
	EndGlobalSection
EndGlobal
